
Microsoft Visual Studio Solution File, Format Version 12.00
# Visual Studio 15
VisualStudioVersion = 15.0.27428.2037
MinimumVisualStudioVersion = 10.0.40219.1
Project("{FAE04EC0-301F-11D3-BF4B-00C04F79EFBC}") = "IsPositive", "IsPositive\IsPositive.csproj", "{BDB6975E-18DA-4278-B72E-44084A041FD6}"
EndProject
Project("{FAE04EC0-301F-11D3-BF4B-00C04F79EFBC}") = "Tests", "Tests\Tests.csproj", "{8E5502F0-C4C4-4370-A929-965B5759E244}"
EndProject
Global
	GlobalSection(SolutionConfigurationPlatforms) = preSolution
		Debug|Any CPU = Debug|Any CPU
		Release|Any CPU = Release|Any CPU
	EndGlobalSection
	GlobalSection(ProjectConfigurationPlatforms) = postSolution
		{BDB6975E-18DA-4278-B72E-44084A041FD6}.Debug|Any CPU.ActiveCfg = Debug|Any CPU
		{BDB6975E-18DA-4278-B72E-44084A041FD6}.Debug|Any CPU.Build.0 = Debug|Any CPU
		{BDB6975E-18DA-4278-B72E-44084A041FD6}.Release|Any CPU.ActiveCfg = Release|Any CPU
		{BDB6975E-18DA-4278-B72E-44084A041FD6}.Release|Any CPU.Build.0 = Release|Any CPU
		{8E5502F0-C4C4-4370-A929-965B5759E244}.Debug|Any CPU.ActiveCfg = Debug|Any CPU
		{8E5502F0-C4C4-4370-A929-965B5759E244}.Debug|Any CPU.Build.0 = Debug|Any CPU
		{8E5502F0-C4C4-4370-A929-965B5759E244}.Release|Any CPU.ActiveCfg = Release|Any CPU
		{8E5502F0-C4C4-4370-A929-965B5759E244}.Release|Any CPU.Build.0 = Release|Any CPU
	EndGlobalSection
	GlobalSection(SolutionProperties) = preSolution
		HideSolutionNode = FALSE
	EndGlobalSection
	GlobalSection(ExtensibilityGlobals) = postSolution
		SolutionGuid = {4E38091A-836F-4512-9C8E-054AE78F5A1D}
	EndGlobalSection
EndGlobal
